// !$*UTF8*$!
{
	archiveVersion = 1;
	classes = {
	};
	objectVersion = 46;
	objects = {

/* Begin PBXBuildFile section */
		424DF02F1CFB762900B66432 /* AppDelegate.swift in Sources */ = {isa = PBXBuildFile; fileRef = 424DF02E1CFB762900B66432 /* AppDelegate.swift */; };
		424DF0311CFB762900B66432 /* ViewController.swift in Sources */ = {isa = PBXBuildFile; fileRef = 424DF0301CFB762900B66432 /* ViewController.swift */; };
		424DF0341CFB762A00B66432 /* Main.storyboard in Resources */ = {isa = PBXBuildFile; fileRef = 424DF0321CFB762A00B66432 /* Main.storyboard */; };
		424DF0391CFB762A00B66432 /* LaunchScreen.storyboard in Resources */ = {isa = PBXBuildFile; fileRef = 424DF0371CFB762A00B66432 /* LaunchScreen.storyboard */; };
		424DF0411CFB76F500B66432 /* Charakter.swift in Sources */ = {isa = PBXBuildFile; fileRef = 424DF0401CFB76F500B66432 /* Charakter.swift */; };
		424DF0431CFBE95100B66432 /* Gracz.swift in Sources */ = {isa = PBXBuildFile; fileRef = 424DF0421CFBE95100B66432 /* Gracz.swift */; };
		424DF0451CFBEF0100B66432 /* Przeciwnik.swift in Sources */ = {isa = PBXBuildFile; fileRef = 424DF0441CFBEF0100B66432 /* Przeciwnik.swift */; };
		424DF0471CFC4EDA00B66432 /* Zombie.swift in Sources */ = {isa = PBXBuildFile; fileRef = 424DF0461CFC4EDA00B66432 /* Zombie.swift */; };
		424DF0491CFC539F00B66432 /* Goblin.swift in Sources */ = {isa = PBXBuildFile; fileRef = 424DF0481CFC539F00B66432 /* Goblin.swift */; };
		424DF04B1CFC55E200B66432 /* Niebieskowłosy Marian.swift in Sources */ = {isa = PBXBuildFile; fileRef = 424DF04A1CFC55E200B66432 /* Niebieskowłosy Marian.swift */; };
		424DF0561CFC586A00B66432 /* Knife01.png in Resources */ = {isa = PBXBuildFile; fileRef = 424DF04E1CFC586900B66432 /* Knife01.png */; };
		424DF0571CFC586A00B66432 /* Weapon01.png in Resources */ = {isa = PBXBuildFile; fileRef = 424DF04F1CFC586A00B66432 /* Weapon01.png */; };
		424DF0591CFC586A00B66432 /* Attacking_000 prawa.png in Resources */ = {isa = PBXBuildFile; fileRef = 424DF0511CFC586A00B66432 /* Attacking_000 prawa.png */; };
		424DF05A1CFC586A00B66432 /* Attack__000 prawa.png in Resources */ = {isa = PBXBuildFile; fileRef = 424DF0521CFC586A00B66432 /* Attack__000 prawa.png */; };
		424DF05B1CFC586A00B66432 /* cavebackground.png in Resources */ = {isa = PBXBuildFile; fileRef = 424DF0531CFC586A00B66432 /* cavebackground.png */; };
		424DF05C1CFC586A00B66432 /* Defend_006.png in Resources */ = {isa = PBXBuildFile; fileRef = 424DF0541CFC586A00B66432 /* Defend_006.png */; };
		424DF05D1CFC586A00B66432 /* Bomb.png in Resources */ = {isa = PBXBuildFile; fileRef = 424DF0551CFC586A00B66432 /* Bomb.png */; };
		424DF0601CFC63F100B66432 /* napis.png in Resources */ = {isa = PBXBuildFile; fileRef = 424DF05F1CFC63F100B66432 /* napis.png */; };
		424DF0621CFC705B00B66432 /* Treasure_Chest_PNG_Picture.png in Resources */ = {isa = PBXBuildFile; fileRef = 424DF0611CFC705B00B66432 /* Treasure_Chest_PNG_Picture.png */; };
		424DF0641CFC948100B66432 /* AttackButton.png in Resources */ = {isa = PBXBuildFile; fileRef = 424DF0631CFC948100B66432 /* AttackButton.png */; };
		42BDF79B1CFE368500F43D67 /* Shooting_000.png in Resources */ = {isa = PBXBuildFile; fileRef = 42BDF79A1CFE368500F43D67 /* Shooting_000.png */; };
		42BDF79F1CFEDD1800F43D67 /* Fork copy.png in Resources */ = {isa = PBXBuildFile; fileRef = 42BDF79C1CFEDD1800F43D67 /* Fork copy.png */; };
		42BDF7A01CFEDD1800F43D67 /* Right Arm copy.png in Resources */ = {isa = PBXBuildFile; fileRef = 42BDF79D1CFEDD1800F43D67 /* Right Arm copy.png */; };
		42BDF7A11CFEDD1800F43D67 /* Axe copy.png in Resources */ = {isa = PBXBuildFile; fileRef = 42BDF79E1CFEDD1800F43D67 /* Axe copy.png */; };
/* End PBXBuildFile section */

/* Begin PBXFileReference section */
		424DF02B1CFB762900B66432 /* Pirate Inn.app */ = {isa = PBXFileReference; explicitFileType = wrapper.application; includeInIndex = 0; path = "Pirate Inn.app"; sourceTree = BUILT_PRODUCTS_DIR; };
		424DF02E1CFB762900B66432 /* AppDelegate.swift */ = {isa = PBXFileReference; lastKnownFileType = sourcecode.swift; path = AppDelegate.swift; sourceTree = "<group>"; };
		424DF0301CFB762900B66432 /* ViewController.swift */ = {isa = PBXFileReference; lastKnownFileType = sourcecode.swift; path = ViewController.swift; sourceTree = "<group>"; };
		424DF0331CFB762A00B66432 /* Base */ = {isa = PBXFileReference; lastKnownFileType = file.storyboard; name = Base; path = Base.lproj/Main.storyboard; sourceTree = "<group>"; };
		424DF0381CFB762A00B66432 /* Base */ = {isa = PBXFileReference; lastKnownFileType = file.storyboard; name = Base; path = Base.lproj/LaunchScreen.storyboard; sourceTree = "<group>"; };
		424DF03A1CFB762A00B66432 /* Info.plist */ = {isa = PBXFileReference; lastKnownFileType = text.plist.xml; path = Info.plist; sourceTree = "<group>"; };
		424DF0401CFB76F500B66432 /* Charakter.swift */ = {isa = PBXFileReference; fileEncoding = 4; lastKnownFileType = sourcecode.swift; path = Charakter.swift; sourceTree = "<group>"; };
		424DF0421CFBE95100B66432 /* Gracz.swift */ = {isa = PBXFileReference; fileEncoding = 4; lastKnownFileType = sourcecode.swift; path = Gracz.swift; sourceTree = "<group>"; };
		424DF0441CFBEF0100B66432 /* Przeciwnik.swift */ = {isa = PBXFileReference; fileEncoding = 4; lastKnownFileType = sourcecode.swift; path = Przeciwnik.swift; sourceTree = "<group>"; };
		424DF0461CFC4EDA00B66432 /* Zombie.swift */ = {isa = PBXFileReference; fileEncoding = 4; lastKnownFileType = sourcecode.swift; path = Zombie.swift; sourceTree = "<group>"; };
		424DF0481CFC539F00B66432 /* Goblin.swift */ = {isa = PBXFileReference; fileEncoding = 4; lastKnownFileType = sourcecode.swift; path = Goblin.swift; sourceTree = "<group>"; };
		424DF04A1CFC55E200B66432 /* Niebieskowłosy Marian.swift */ = {isa = PBXFileReference; fileEncoding = 4; lastKnownFileType = sourcecode.swift; path = "Niebieskowłosy Marian.swift"; sourceTree = "<group>"; };
		424DF04E1CFC586900B66432 /* Knife01.png */ = {isa = PBXFileReference; lastKnownFileType = image.png; name = Knife01.png; path = ../../Knife01.png; sourceTree = "<group>"; };
		424DF04F1CFC586A00B66432 /* Weapon01.png */ = {isa = PBXFileReference; lastKnownFileType = image.png; name = Weapon01.png; path = ../../Weapon01.png; sourceTree = "<group>"; };
		424DF0511CFC586A00B66432 /* Attacking_000 prawa.png */ = {isa = PBXFileReference; lastKnownFileType = image.png; name = "Attacking_000 prawa.png"; path = "../../Attacking_000 prawa.png"; sourceTree = "<group>"; };
		424DF0521CFC586A00B66432 /* Attack__000 prawa.png */ = {isa = PBXFileReference; lastKnownFileType = image.png; name = "Attack__000 prawa.png"; path = "../../Attack__000 prawa.png"; sourceTree = "<group>"; };
		424DF0531CFC586A00B66432 /* cavebackground.png */ = {isa = PBXFileReference; lastKnownFileType = image.png; name = cavebackground.png; path = ../../cavebackground.png; sourceTree = "<group>"; };
		424DF0541CFC586A00B66432 /* Defend_006.png */ = {isa = PBXFileReference; lastKnownFileType = image.png; name = Defend_006.png; path = ../../Defend_006.png; sourceTree = "<group>"; };
		424DF0551CFC586A00B66432 /* Bomb.png */ = {isa = PBXFileReference; lastKnownFileType = image.png; name = Bomb.png; path = ../../Bomb.png; sourceTree = "<group>"; };
		424DF05F1CFC63F100B66432 /* napis.png */ = {isa = PBXFileReference; lastKnownFileType = image.png; name = napis.png; path = ../../napis.png; sourceTree = "<group>"; };
		424DF0611CFC705B00B66432 /* Treasure_Chest_PNG_Picture.png */ = {isa = PBXFileReference; lastKnownFileType = image.png; name = Treasure_Chest_PNG_Picture.png; path = ../../Treasure_Chest_PNG_Picture.png; sourceTree = "<group>"; };
		424DF0631CFC948100B66432 /* AttackButton.png */ = {isa = PBXFileReference; lastKnownFileType = image.png; path = AttackButton.png; sourceTree = "<group>"; };
		42BDF79A1CFE368500F43D67 /* Shooting_000.png */ = {isa = PBXFileReference; lastKnownFileType = image.png; path = Shooting_000.png; sourceTree = "<group>"; };
		42BDF79C1CFEDD1800F43D67 /* Fork copy.png */ = {isa = PBXFileReference; lastKnownFileType = image.png; path = "Fork copy.png"; sourceTree = "<group>"; };
		42BDF79D1CFEDD1800F43D67 /* Right Arm copy.png */ = {isa = PBXFileReference; lastKnownFileType = image.png; path = "Right Arm copy.png"; sourceTree = "<group>"; };
		42BDF79E1CFEDD1800F43D67 /* Axe copy.png */ = {isa = PBXFileReference; lastKnownFileType = image.png; path = "Axe copy.png"; sourceTree = "<group>"; };
/* End PBXFileReference section */

/* Begin PBXFrameworksBuildPhase section */
		424DF0281CFB762900B66432 /* Frameworks */ = {
			isa = PBXFrameworksBuildPhase;
			buildActionMask = 2147483647;
			files = (
			);
			runOnlyForDeploymentPostprocessing = 0;
		};
/* End PBXFrameworksBuildPhase section */

/* Begin PBXGroup section */
		424DF0221CFB762900B66432 = {
			isa = PBXGroup;
			children = (
				424DF02D1CFB762900B66432 /* Pirate Inn */,
				424DF02C1CFB762900B66432 /* Products */,
			);
			sourceTree = "<group>";
		};
		424DF02C1CFB762900B66432 /* Products */ = {
			isa = PBXGroup;
			children = (
				424DF02B1CFB762900B66432 /* Pirate Inn.app */,
			);
			name = Products;
			sourceTree = "<group>";
		};
		424DF02D1CFB762900B66432 /* Pirate Inn */ = {
			isa = PBXGroup;
			children = (
				424DF02E1CFB762900B66432 /* AppDelegate.swift */,
				424DF0301CFB762900B66432 /* ViewController.swift */,
				424DF0321CFB762A00B66432 /* Main.storyboard */,
				424DF05E1CFC587200B66432 /* obrazki */,
				424DF0371CFB762A00B66432 /* LaunchScreen.storyboard */,
				424DF03A1CFB762A00B66432 /* Info.plist */,
				424DF0401CFB76F500B66432 /* Charakter.swift */,
				424DF0421CFBE95100B66432 /* Gracz.swift */,
				424DF0441CFBEF0100B66432 /* Przeciwnik.swift */,
				424DF0461CFC4EDA00B66432 /* Zombie.swift */,
				424DF0481CFC539F00B66432 /* Goblin.swift */,
				424DF04A1CFC55E200B66432 /* Niebieskowłosy Marian.swift */,
			);
			path = "Pirate Inn";
			sourceTree = "<group>";
		};
		424DF05E1CFC587200B66432 /* obrazki */ = {
			isa = PBXGroup;
			children = (
				42BDF79C1CFEDD1800F43D67 /* Fork copy.png */,
				42BDF79D1CFEDD1800F43D67 /* Right Arm copy.png */,
				42BDF79E1CFEDD1800F43D67 /* Axe copy.png */,
				42BDF79A1CFE368500F43D67 /* Shooting_000.png */,
				424DF0611CFC705B00B66432 /* Treasure_Chest_PNG_Picture.png */,
				424DF05F1CFC63F100B66432 /* napis.png */,
				424DF04F1CFC586A00B66432 /* Weapon01.png */,
				424DF0631CFC948100B66432 /* AttackButton.png */,
				424DF0511CFC586A00B66432 /* Attacking_000 prawa.png */,
				424DF0521CFC586A00B66432 /* Attack__000 prawa.png */,
				424DF0531CFC586A00B66432 /* cavebackground.png */,
				424DF04E1CFC586900B66432 /* Knife01.png */,
				424DF0541CFC586A00B66432 /* Defend_006.png */,
				424DF0551CFC586A00B66432 /* Bomb.png */,
			);
			name = obrazki;
			sourceTree = "<group>";
		};
/* End PBXGroup section */

/* Begin PBXNativeTarget section */
		424DF02A1CFB762900B66432 /* Pirate Inn */ = {
			isa = PBXNativeTarget;
			buildConfigurationList = 424DF03D1CFB762A00B66432 /* Build configuration list for PBXNativeTarget "Pirate Inn" */;
			buildPhases = (
				424DF0271CFB762900B66432 /* Sources */,
				424DF0281CFB762900B66432 /* Frameworks */,
				424DF0291CFB762900B66432 /* Resources */,
			);
			buildRules = (
			);
			dependencies = (
			);
			name = "Pirate Inn";
			productName = "Pirate Inn";
			productReference = 424DF02B1CFB762900B66432 /* Pirate Inn.app */;
			productType = "com.apple.product-type.application";
		};
/* End PBXNativeTarget section */

/* Begin PBXProject section */
		424DF0231CFB762900B66432 /* Project object */ = {
			isa = PBXProject;
			attributes = {
				LastSwiftUpdateCheck = 0730;
				LastUpgradeCheck = 0730;
				ORGANIZATIONNAME = "Kamil Wójcik";
				TargetAttributes = {
					424DF02A1CFB762900B66432 = {
						CreatedOnToolsVersion = 7.3;
					};
				};
			};
			buildConfigurationList = 424DF0261CFB762900B66432 /* Build configuration list for PBXProject "Pirate Inn" */;
			compatibilityVersion = "Xcode 3.2";
			developmentRegion = English;
			hasScannedForEncodings = 0;
			knownRegions = (
				en,
				Base,
			);
			mainGroup = 424DF0221CFB762900B66432;
			productRefGroup = 424DF02C1CFB762900B66432 /* Products */;
			projectDirPath = "";
			projectRoot = "";
			targets = (
				424DF02A1CFB762900B66432 /* Pirate Inn */,
			);
		};
/* End PBXProject section */

/* Begin PBXResourcesBuildPhase section */
		424DF0291CFB762900B66432 /* Resources */ = {
			isa = PBXResourcesBuildPhase;
			buildActionMask = 2147483647;
			files = (
				424DF0391CFB762A00B66432 /* LaunchScreen.storyboard in Resources */,
				424DF05A1CFC586A00B66432 /* Attack__000 prawa.png in Resources */,
				424DF0591CFC586A00B66432 /* Attacking_000 prawa.png in Resources */,
				424DF05B1CFC586A00B66432 /* cavebackground.png in Resources */,
				424DF0621CFC705B00B66432 /* Treasure_Chest_PNG_Picture.png in Resources */,
				424DF0561CFC586A00B66432 /* Knife01.png in Resources */,
				424DF0601CFC63F100B66432 /* napis.png in Resources */,
				42BDF79F1CFEDD1800F43D67 /* Fork copy.png in Resources */,
				42BDF7A11CFEDD1800F43D67 /* Axe copy.png in Resources */,
				424DF05C1CFC586A00B66432 /* Defend_006.png in Resources */,
				424DF05D1CFC586A00B66432 /* Bomb.png in Resources */,
				424DF0571CFC586A00B66432 /* Weapon01.png in Resources */,
				42BDF7A01CFEDD1800F43D67 /* Right Arm copy.png in Resources */,
				424DF0341CFB762A00B66432 /* Main.storyboard in Resources */,
				42BDF79B1CFE368500F43D67 /* Shooting_000.png in Resources */,
				424DF0641CFC948100B66432 /* AttackButton.png in Resources */,
			);
			runOnlyForDeploymentPostprocessing = 0;
		};
/* End PBXResourcesBuildPhase section */

/* Begin PBXSourcesBuildPhase section */
		424DF0271CFB762900B66432 /* Sources */ = {
			isa = PBXSourcesBuildPhase;
			buildActionMask = 2147483647;
			files = (
				424DF0451CFBEF0100B66432 /* Przeciwnik.swift in Sources */,
				424DF0311CFB762900B66432 /* ViewController.swift in Sources */,
				424DF0431CFBE95100B66432 /* Gracz.swift in Sources */,
				424DF04B1CFC55E200B66432 /* Niebieskowłosy Marian.swift in Sources */,
				424DF0471CFC4EDA00B66432 /* Zombie.swift in Sources */,
				424DF02F1CFB762900B66432 /* AppDelegate.swift in Sources */,
				424DF0491CFC539F00B66432 /* Goblin.swift in Sources */,
				424DF0411CFB76F500B66432 /* Charakter.swift in Sources */,
			);
			runOnlyForDeploymentPostprocessing = 0;
		};
/* End PBXSourcesBuildPhase section */

/* Begin PBXVariantGroup section */
		424DF0321CFB762A00B66432 /* Main.storyboard */ = {
			isa = PBXVariantGroup;
			children = (
				424DF0331CFB762A00B66432 /* Base */,
			);
			name = Main.storyboard;
			sourceTree = "<group>";
		};
		424DF0371CFB762A00B66432 /* LaunchScreen.storyboard */ = {
			isa = PBXVariantGroup;
			children = (
				424DF0381CFB762A00B66432 /* Base */,
			);
			name = LaunchScreen.storyboard;
			sourceTree = "<group>";
		};
/* End PBXVariantGroup section */

/* Begin XCBuildConfiguration section */
		424DF03B1CFB762A00B66432 /* Debug */ = {
			isa = XCBuildConfiguration;
			buildSettings = {
				ALWAYS_SEARCH_USER_PATHS = NO;
				CLANG_ANALYZER_NONNULL = YES;
				CLANG_CXX_LANGUAGE_STANDARD = "gnu++0x";
				CLANG_CXX_LIBRARY = "libc++";
				CLANG_ENABLE_MODULES = YES;
				CLANG_ENABLE_OBJC_ARC = YES;
				CLANG_WARN_BOOL_CONVERSION = YES;
				CLANG_WARN_CONSTANT_CONVERSION = YES;
				CLANG_WARN_DIRECT_OBJC_ISA_USAGE = YES_ERROR;
				CLANG_WARN_EMPTY_BODY = YES;
				CLANG_WARN_ENUM_CONVERSION = YES;
				CLANG_WARN_INT_CONVERSION = YES;
				CLANG_WARN_OBJC_ROOT_CLASS = YES_ERROR;
				CLANG_WARN_UNREACHABLE_CODE = YES;
				CLANG_WARN__DUPLICATE_METHOD_MATCH = YES;
				"CODE_SIGN_IDENTITY[sdk=iphoneos*]" = "iPhone Developer";
				COPY_PHASE_STRIP = NO;
				DEBUG_INFORMATION_FORMAT = dwarf;
				ENABLE_STRICT_OBJC_MSGSEND = YES;
				ENABLE_TESTABILITY = YES;
				GCC_C_LANGUAGE_STANDARD = gnu99;
				GCC_DYNAMIC_NO_PIC = NO;
				GCC_NO_COMMON_BLOCKS = YES;
				GCC_OPTIMIZATION_LEVEL = 0;
				GCC_PREPROCESSOR_DEFINITIONS = (
					"DEBUG=1",
					"$(inherited)",
				);
				GCC_WARN_64_TO_32_BIT_CONVERSION = YES;
				GCC_WARN_ABOUT_RETURN_TYPE = YES_ERROR;
				GCC_WARN_UNDECLARED_SELECTOR = YES;
				GCC_WARN_UNINITIALIZED_AUTOS = YES_AGGRESSIVE;
				GCC_WARN_UNUSED_FUNCTION = YES;
				GCC_WARN_UNUSED_VARIABLE = YES;
				IPHONEOS_DEPLOYMENT_TARGET = 9.3;
				MTL_ENABLE_DEBUG_INFO = YES;
				ONLY_ACTIVE_ARCH = YES;
				SDKROOT = iphoneos;
				SWIFT_OPTIMIZATION_LEVEL = "-Onone";
			};
			name = Debug;
		};
		424DF03C1CFB762A00B66432 /* Release */ = {
			isa = XCBuildConfiguration;
			buildSettings = {
				ALWAYS_SEARCH_USER_PATHS = NO;
				CLANG_ANALYZER_NONNULL = YES;
				CLANG_CXX_LANGUAGE_STANDARD = "gnu++0x";
				CLANG_CXX_LIBRARY = "libc++";
				CLANG_ENABLE_MODULES = YES;
				CLANG_ENABLE_OBJC_ARC = YES;
				CLANG_WARN_BOOL_CONVERSION = YES;
				CLANG_WARN_CONSTANT_CONVERSION = YES;
				CLANG_WARN_DIRECT_OBJC_ISA_USAGE = YES_ERROR;
				CLANG_WARN_EMPTY_BODY = YES;
				CLANG_WARN_ENUM_CONVERSION = YES;
				CLANG_WARN_INT_CONVERSION = YES;
				CLANG_WARN_OBJC_ROOT_CLASS = YES_ERROR;
				CLANG_WARN_UNREACHABLE_CODE = YES;
				CLANG_WARN__DUPLICATE_METHOD_MATCH = YES;
				"CODE_SIGN_IDENTITY[sdk=iphoneos*]" = "iPhone Developer";
				COPY_PHASE_STRIP = NO;
				DEBUG_INFORMATION_FORMAT = "dwarf-with-dsym";
				ENABLE_NS_ASSERTIONS = NO;
				ENABLE_STRICT_OBJC_MSGSEND = YES;
				GCC_C_LANGUAGE_STANDARD = gnu99;
				GCC_NO_COMMON_BLOCKS = YES;
				GCC_WARN_64_TO_32_BIT_CONVERSION = YES;
				GCC_WARN_ABOUT_RETURN_TYPE = YES_ERROR;
				GCC_WARN_UNDECLARED_SELECTOR = YES;
				GCC_WARN_UNINITIALIZED_AUTOS = YES_AGGRESSIVE;
				GCC_WARN_UNUSED_FUNCTION = YES;
				GCC_WARN_UNUSED_VARIABLE = YES;
				IPHONEOS_DEPLOYMENT_TARGET = 9.3;
				MTL_ENABLE_DEBUG_INFO = NO;
				SDKROOT = iphoneos;
				VALIDATE_PRODUCT = YES;
			};
			name = Release;
		};
		424DF03E1CFB762A00B66432 /* Debug */ = {
			isa = XCBuildConfiguration;
			buildSettings = {
				ASSETCATALOG_COMPILER_APPICON_NAME = AppIcon;
				INFOPLIST_FILE = "Pirate Inn/Info.plist";
				LD_RUNPATH_SEARCH_PATHS = "$(inherited) @executable_path/Frameworks";
				PRODUCT_BUNDLE_IDENTIFIER = "none.Pirate-Inn";
				PRODUCT_NAME = "$(TARGET_NAME)";
			};
			name = Debug;
		};
		424DF03F1CFB762A00B66432 /* Release */ = {
			isa = XCBuildConfiguration;
			buildSettings = {
				ASSETCATALOG_COMPILER_APPICON_NAME = AppIcon;
				INFOPLIST_FILE = "Pirate Inn/Info.plist";
				LD_RUNPATH_SEARCH_PATHS = "$(inherited) @executable_path/Frameworks";
				PRODUCT_BUNDLE_IDENTIFIER = "none.Pirate-Inn";
				PRODUCT_NAME = "$(TARGET_NAME)";
			};
			name = Release;
		};
/* End XCBuildConfiguration section */

/* Begin XCConfigurationList section */
		424DF0261CFB762900B66432 /* Build configuration list for PBXProject "Pirate Inn" */ = {
			isa = XCConfigurationList;
			buildConfigurations = (
				424DF03B1CFB762A00B66432 /* Debug */,
				424DF03C1CFB762A00B66432 /* Release */,
			);
			defaultConfigurationIsVisible = 0;
			defaultConfigurationName = Release;
		};
		424DF03D1CFB762A00B66432 /* Build configuration list for PBXNativeTarget "Pirate Inn" */ = {
			isa = XCConfigurationList;
			buildConfigurations = (
				424DF03E1CFB762A00B66432 /* Debug */,
				424DF03F1CFB762A00B66432 /* Release */,
			);
			defaultConfigurationIsVisible = 0;
			defaultConfigurationName = Release;
		};
/* End XCConfigurationList section */
	};
	rootObject = 424DF0231CFB762900B66432 /* Project object */;
}
